// !$*UTF8*$!
{
	archiveVersion = 1;
	classes = {
	};
	objectVersion = 46;
	objects = {

/* Begin PBXBuildFile section */
		C11DF3051860C73C00282225 /* soccer-98-pinball.jpg in Resources */ = {isa = PBXBuildFile; fileRef = C11DF3041860C73C00282225 /* soccer-98-pinball.jpg */; };
		C15F50E6185F8ACC002C218E /* Foundation.framework in Frameworks */ = {isa = PBXBuildFile; fileRef = C15F50E5185F8ACC002C218E /* Foundation.framework */; };
		C15F50E8185F8ACC002C218E /* CoreGraphics.framework in Frameworks */ = {isa = PBXBuildFile; fileRef = C15F50E7185F8ACC002C218E /* CoreGraphics.framework */; };
		C15F50EA185F8ACC002C218E /* UIKit.framework in Frameworks */ = {isa = PBXBuildFile; fileRef = C15F50E9185F8ACC002C218E /* UIKit.framework */; };
		C15F50EC185F8ACC002C218E /* SpriteKit.framework in Frameworks */ = {isa = PBXBuildFile; fileRef = C15F50EB185F8ACC002C218E /* SpriteKit.framework */; };
		C15F50F2185F8ACC002C218E /* InfoPlist.strings in Resources */ = {isa = PBXBuildFile; fileRef = C15F50F0185F8ACC002C218E /* InfoPlist.strings */; };
		C15F50F4185F8ACC002C218E /* main.m in Sources */ = {isa = PBXBuildFile; fileRef = C15F50F3185F8ACC002C218E /* main.m */; };
		C15F50F8185F8ACC002C218E /* PinballAppDelegate.m in Sources */ = {isa = PBXBuildFile; fileRef = C15F50F7185F8ACC002C218E /* PinballAppDelegate.m */; };
		C15F50FB185F8ACC002C218E /* Main.storyboard in Resources */ = {isa = PBXBuildFile; fileRef = C15F50F9185F8ACC002C218E /* Main.storyboard */; };
		C15F50FE185F8ACC002C218E /* PinballViewController.m in Sources */ = {isa = PBXBuildFile; fileRef = C15F50FD185F8ACC002C218E /* PinballViewController.m */; };
		C15F5101185F8ACC002C218E /* PinballMyScene.m in Sources */ = {isa = PBXBuildFile; fileRef = C15F5100185F8ACC002C218E /* PinballMyScene.m */; };
		C15F5103185F8ACC002C218E /* Spaceship.png in Resources */ = {isa = PBXBuildFile; fileRef = C15F5102185F8ACC002C218E /* Spaceship.png */; };
		C15F5105185F8ACC002C218E /* Images.xcassets in Resources */ = {isa = PBXBuildFile; fileRef = C15F5104185F8ACC002C218E /* Images.xcassets */; };
		C15F510C185F8ACC002C218E /* XCTest.framework in Frameworks */ = {isa = PBXBuildFile; fileRef = C15F510B185F8ACC002C218E /* XCTest.framework */; };
		C15F510D185F8ACC002C218E /* Foundation.framework in Frameworks */ = {isa = PBXBuildFile; fileRef = C15F50E5185F8ACC002C218E /* Foundation.framework */; };
		C15F510E185F8ACC002C218E /* UIKit.framework in Frameworks */ = {isa = PBXBuildFile; fileRef = C15F50E9185F8ACC002C218E /* UIKit.framework */; };
		C15F5116185F8ACC002C218E /* InfoPlist.strings in Resources */ = {isa = PBXBuildFile; fileRef = C15F5114185F8ACC002C218E /* InfoPlist.strings */; };
		C15F5118185F8ACC002C218E /* Pinball_GameTests.m in Sources */ = {isa = PBXBuildFile; fileRef = C15F5117185F8ACC002C218E /* Pinball_GameTests.m */; };
/* End PBXBuildFile section */

/* Begin PBXContainerItemProxy section */
		C15F510F185F8ACC002C218E /* PBXContainerItemProxy */ = {
			isa = PBXContainerItemProxy;
			containerPortal = C15F50DA185F8ACC002C218E /* Project object */;
			proxyType = 1;
			remoteGlobalIDString = C15F50E1185F8ACC002C218E;
			remoteInfo = "Pinball Game";
		};
/* End PBXContainerItemProxy section */

/* Begin PBXFileReference section */
		C11DF3041860C73C00282225 /* soccer-98-pinball.jpg */ = {isa = PBXFileReference; lastKnownFileType = image.jpeg; path = "soccer-98-pinball.jpg"; sourceTree = "<group>"; };
		C15F50E2185F8ACC002C218E /* Pinball Game.app */ = {isa = PBXFileReference; explicitFileType = wrapper.application; includeInIndex = 0; path = "Pinball Game.app"; sourceTree = BUILT_PRODUCTS_DIR; };
		C15F50E5185F8ACC002C218E /* Foundation.framework */ = {isa = PBXFileReference; lastKnownFileType = wrapper.framework; name = Foundation.framework; path = System/Library/Frameworks/Foundation.framework; sourceTree = SDKROOT; };
		C15F50E7185F8ACC002C218E /* CoreGraphics.framework */ = {isa = PBXFileReference; lastKnownFileType = wrapper.framework; name = CoreGraphics.framework; path = System/Library/Frameworks/CoreGraphics.framework; sourceTree = SDKROOT; };
		C15F50E9185F8ACC002C218E /* UIKit.framework */ = {isa = PBXFileReference; lastKnownFileType = wrapper.framework; name = UIKit.framework; path = System/Library/Frameworks/UIKit.framework; sourceTree = SDKROOT; };
		C15F50EB185F8ACC002C218E /* SpriteKit.framework */ = {isa = PBXFileReference; lastKnownFileType = wrapper.framework; name = SpriteKit.framework; path = System/Library/Frameworks/SpriteKit.framework; sourceTree = SDKROOT; };
		C15F50EF185F8ACC002C218E /* Pinball Game-Info.plist */ = {isa = PBXFileReference; lastKnownFileType = text.plist.xml; path = "Pinball Game-Info.plist"; sourceTree = "<group>"; };
		C15F50F1185F8ACC002C218E /* en */ = {isa = PBXFileReference; lastKnownFileType = text.plist.strings; name = en; path = en.lproj/InfoPlist.strings; sourceTree = "<group>"; };
		C15F50F3185F8ACC002C218E /* main.m */ = {isa = PBXFileReference; lastKnownFileType = sourcecode.c.objc; path = main.m; sourceTree = "<group>"; };
		C15F50F5185F8ACC002C218E /* Pinball Game-Prefix.pch */ = {isa = PBXFileReference; lastKnownFileType = sourcecode.c.h; path = "Pinball Game-Prefix.pch"; sourceTree = "<group>"; };
		C15F50F6185F8ACC002C218E /* PinballAppDelegate.h */ = {isa = PBXFileReference; lastKnownFileType = sourcecode.c.h; path = PinballAppDelegate.h; sourceTree = "<group>"; };
		C15F50F7185F8ACC002C218E /* PinballAppDelegate.m */ = {isa = PBXFileReference; lastKnownFileType = sourcecode.c.objc; path = PinballAppDelegate.m; sourceTree = "<group>"; };
		C15F50FA185F8ACC002C218E /* Base */ = {isa = PBXFileReference; lastKnownFileType = file.storyboard; name = Base; path = Base.lproj/Main.storyboard; sourceTree = "<group>"; };
		C15F50FC185F8ACC002C218E /* PinballViewController.h */ = {isa = PBXFileReference; lastKnownFileType = sourcecode.c.h; path = PinballViewController.h; sourceTree = "<group>"; };
		C15F50FD185F8ACC002C218E /* PinballViewController.m */ = {isa = PBXFileReference; lastKnownFileType = sourcecode.c.objc; path = PinballViewController.m; sourceTree = "<group>"; };
		C15F50FF185F8ACC002C218E /* PinballMyScene.h */ = {isa = PBXFileReference; lastKnownFileType = sourcecode.c.h; path = PinballMyScene.h; sourceTree = "<group>"; };
		C15F5100185F8ACC002C218E /* PinballMyScene.m */ = {isa = PBXFileReference; lastKnownFileType = sourcecode.c.objc; path = PinballMyScene.m; sourceTree = "<group>"; };
		C15F5102185F8ACC002C218E /* Spaceship.png */ = {isa = PBXFileReference; lastKnownFileType = image.png; path = Spaceship.png; sourceTree = "<group>"; };
		C15F5104185F8ACC002C218E /* Images.xcassets */ = {isa = PBXFileReference; lastKnownFileType = folder.assetcatalog; path = Images.xcassets; sourceTree = "<group>"; };
		C15F510A185F8ACC002C218E /* Pinball GameTests.xctest */ = {isa = PBXFileReference; explicitFileType = wrapper.cfbundle; includeInIndex = 0; path = "Pinball GameTests.xctest"; sourceTree = BUILT_PRODUCTS_DIR; };
		C15F510B185F8ACC002C218E /* XCTest.framework */ = {isa = PBXFileReference; lastKnownFileType = wrapper.framework; name = XCTest.framework; path = Library/Frameworks/XCTest.framework; sourceTree = DEVELOPER_DIR; };
		C15F5113185F8ACC002C218E /* Pinball GameTests-Info.plist */ = {isa = PBXFileReference; lastKnownFileType = text.plist.xml; path = "Pinball GameTests-Info.plist"; sourceTree = "<group>"; };
		C15F5115185F8ACC002C218E /* en */ = {isa = PBXFileReference; lastKnownFileType = text.plist.strings; name = en; path = en.lproj/InfoPlist.strings; sourceTree = "<group>"; };
		C15F5117185F8ACC002C218E /* Pinball_GameTests.m */ = {isa = PBXFileReference; lastKnownFileType = sourcecode.c.objc; path = Pinball_GameTests.m; sourceTree = "<group>"; };
/* End PBXFileReference section */

/* Begin PBXFrameworksBuildPhase section */
		C15F50DF185F8ACC002C218E /* Frameworks */ = {
			isa = PBXFrameworksBuildPhase;
			buildActionMask = 2147483647;
			files = (
				C15F50E8185F8ACC002C218E /* CoreGraphics.framework in Frameworks */,
				C15F50EA185F8ACC002C218E /* UIKit.framework in Frameworks */,
				C15F50EC185F8ACC002C218E /* SpriteKit.framework in Frameworks */,
				C15F50E6185F8ACC002C218E /* Foundation.framework in Frameworks */,
			);
			runOnlyForDeploymentPostprocessing = 0;
		};
		C15F5107185F8ACC002C218E /* Frameworks */ = {
			isa = PBXFrameworksBuildPhase;
			buildActionMask = 2147483647;
			files = (
				C15F510C185F8ACC002C218E /* XCTest.framework in Frameworks */,
				C15F510E185F8ACC002C218E /* UIKit.framework in Frameworks */,
				C15F510D185F8ACC002C218E /* Foundation.framework in Frameworks */,
			);
			runOnlyForDeploymentPostprocessing = 0;
		};
/* End PBXFrameworksBuildPhase section */

/* Begin PBXGroup section */
		C15F50D9185F8ACC002C218E = {
			isa = PBXGroup;
			children = (
				C15F50ED185F8ACC002C218E /* Pinball Game */,
				C15F5111185F8ACC002C218E /* Pinball GameTests */,
				C15F50E4185F8ACC002C218E /* Frameworks */,
				C15F50E3185F8ACC002C218E /* Products */,
			);
			sourceTree = "<group>";
		};
		C15F50E3185F8ACC002C218E /* Products */ = {
			isa = PBXGroup;
			children = (
				C15F50E2185F8ACC002C218E /* Pinball Game.app */,
				C15F510A185F8ACC002C218E /* Pinball GameTests.xctest */,
			);
			name = Products;
			sourceTree = "<group>";
		};
		C15F50E4185F8ACC002C218E /* Frameworks */ = {
			isa = PBXGroup;
			children = (
				C15F50E5185F8ACC002C218E /* Foundation.framework */,
				C15F50E7185F8ACC002C218E /* CoreGraphics.framework */,
				C15F50E9185F8ACC002C218E /* UIKit.framework */,
				C15F50EB185F8ACC002C218E /* SpriteKit.framework */,
				C15F510B185F8ACC002C218E /* XCTest.framework */,
			);
			name = Frameworks;
			sourceTree = "<group>";
		};
		C15F50ED185F8ACC002C218E /* Pinball Game */ = {
			isa = PBXGroup;
			children = (
				C15F50F6185F8ACC002C218E /* PinballAppDelegate.h */,
				C15F50F7185F8ACC002C218E /* PinballAppDelegate.m */,
				C15F50F9185F8ACC002C218E /* Main.storyboard */,
				C15F50FC185F8ACC002C218E /* PinballViewController.h */,
				C15F50FD185F8ACC002C218E /* PinballViewController.m */,
				C15F50FF185F8ACC002C218E /* PinballMyScene.h */,
				C15F5100185F8ACC002C218E /* PinballMyScene.m */,
				C15F5102185F8ACC002C218E /* Spaceship.png */,
				C11DF3041860C73C00282225 /* soccer-98-pinball.jpg */,
				C15F5104185F8ACC002C218E /* Images.xcassets */,
				C15F50EE185F8ACC002C218E /* Supporting Files */,
			);
			path = "Pinball Game";
			sourceTree = "<group>";
		};
		C15F50EE185F8ACC002C218E /* Supporting Files */ = {
			isa = PBXGroup;
			children = (
				C15F50EF185F8ACC002C218E /* Pinball Game-Info.plist */,
				C15F50F0185F8ACC002C218E /* InfoPlist.strings */,
				C15F50F3185F8ACC002C218E /* main.m */,
				C15F50F5185F8ACC002C218E /* Pinball Game-Prefix.pch */,
			);
			name = "Supporting Files";
			sourceTree = "<group>";
		};
		C15F5111185F8ACC002C218E /* Pinball GameTests */ = {
			isa = PBXGroup;
			children = (
				C15F5117185F8ACC002C218E /* Pinball_GameTests.m */,
				C15F5112185F8ACC002C218E /* Supporting Files */,
			);
			path = "Pinball GameTests";
			sourceTree = "<group>";
		};
		C15F5112185F8ACC002C218E /* Supporting Files */ = {
			isa = PBXGroup;
			children = (
				C15F5113185F8ACC002C218E /* Pinball GameTests-Info.plist */,
				C15F5114185F8ACC002C218E /* InfoPlist.strings */,
			);
			name = "Supporting Files";
			sourceTree = "<group>";
		};
/* End PBXGroup section */

/* Begin PBXNativeTarget section */
		C15F50E1185F8ACC002C218E /* Pinball Game */ = {
			isa = PBXNativeTarget;
			buildConfigurationList = C15F511B185F8ACC002C218E /* Build configuration list for PBXNativeTarget "Pinball Game" */;
			buildPhases = (
				C15F50DE185F8ACC002C218E /* Sources */,
				C15F50DF185F8ACC002C218E /* Frameworks */,
				C15F50E0185F8ACC002C218E /* Resources */,
			);
			buildRules = (
			);
			dependencies = (
			);
			name = "Pinball Game";
			productName = "Pinball Game";
			productReference = C15F50E2185F8ACC002C218E /* Pinball Game.app */;
			productType = "com.apple.product-type.application";
		};
		C15F5109185F8ACC002C218E /* Pinball GameTests */ = {
			isa = PBXNativeTarget;
			buildConfigurationList = C15F511E185F8ACC002C218E /* Build configuration list for PBXNativeTarget "Pinball GameTests" */;
			buildPhases = (
				C15F5106185F8ACC002C218E /* Sources */,
				C15F5107185F8ACC002C218E /* Frameworks */,
				C15F5108185F8ACC002C218E /* Resources */,
			);
			buildRules = (
			);
			dependencies = (
				C15F5110185F8ACC002C218E /* PBXTargetDependency */,
			);
			name = "Pinball GameTests";
			productName = "Pinball GameTests";
			productReference = C15F510A185F8ACC002C218E /* Pinball GameTests.xctest */;
			productType = "com.apple.product-type.bundle.unit-test";
		};
/* End PBXNativeTarget section */

/* Begin PBXProject section */
		C15F50DA185F8ACC002C218E /* Project object */ = {
			isa = PBXProject;
			attributes = {
				CLASSPREFIX = Pinball;
				LastUpgradeCheck = 0500;
				ORGANIZATIONNAME = block7;
				TargetAttributes = {
					C15F5109185F8ACC002C218E = {
						TestTargetID = C15F50E1185F8ACC002C218E;
					};
				};
			};
			buildConfigurationList = C15F50DD185F8ACC002C218E /* Build configuration list for PBXProject "Pinball Game" */;
			compatibilityVersion = "Xcode 3.2";
			developmentRegion = English;
			hasScannedForEncodings = 0;
			knownRegions = (
				en,
				Base,
			);
			mainGroup = C15F50D9185F8ACC002C218E;
			productRefGroup = C15F50E3185F8ACC002C218E /* Products */;
			projectDirPath = "";
			projectRoot = "";
			targets = (
				C15F50E1185F8ACC002C218E /* Pinball Game */,
				C15F5109185F8ACC002C218E /* Pinball GameTests */,
			);
		};
/* End PBXProject section */

/* Begin PBXResourcesBuildPhase section */
		C15F50E0185F8ACC002C218E /* Resources */ = {
			isa = PBXResourcesBuildPhase;
			buildActionMask = 2147483647;
			files = (
				C15F50F2185F8ACC002C218E /* InfoPlist.strings in Resources */,
				C11DF3051860C73C00282225 /* soccer-98-pinball.jpg in Resources */,
				C15F5105185F8ACC002C218E /* Images.xcassets in Resources */,
				C15F5103185F8ACC002C218E /* Spaceship.png in Resources */,
				C15F50FB185F8ACC002C218E /* Main.storyboard in Resources */,
			);
			runOnlyForDeploymentPostprocessing = 0;
		};
		C15F5108185F8ACC002C218E /* Resources */ = {
			isa = PBXResourcesBuildPhase;
			buildActionMask = 2147483647;
			files = (
				C15F5116185F8ACC002C218E /* InfoPlist.strings in Resources */,
			);
			runOnlyForDeploymentPostprocessing = 0;
		};
/* End PBXResourcesBuildPhase section */

/* Begin PBXSourcesBuildPhase section */
		C15F50DE185F8ACC002C218E /* Sources */ = {
			isa = PBXSourcesBuildPhase;
			buildActionMask = 2147483647;
			files = (
				C15F50F4185F8ACC002C218E /* main.m in Sources */,
				C15F5101185F8ACC002C218E /* PinballMyScene.m in Sources */,
				C15F50FE185F8ACC002C218E /* PinballViewController.m in Sources */,
				C15F50F8185F8ACC002C218E /* PinballAppDelegate.m in Sources */,
			);
			runOnlyForDeploymentPostprocessing = 0;
		};
		C15F5106185F8ACC002C218E /* Sources */ = {
			isa = PBXSourcesBuildPhase;
			buildActionMask = 2147483647;
			files = (
				C15F5118185F8ACC002C218E /* Pinball_GameTests.m in Sources */,
			);
			runOnlyForDeploymentPostprocessing = 0;
		};
/* End PBXSourcesBuildPhase section */

/* Begin PBXTargetDependency section */
		C15F5110185F8ACC002C218E /* PBXTargetDependency */ = {
			isa = PBXTargetDependency;
			target = C15F50E1185F8ACC002C218E /* Pinball Game */;
			targetProxy = C15F510F185F8ACC002C218E /* PBXContainerItemProxy */;
		};
/* End PBXTargetDependency section */

/* Begin PBXVariantGroup section */
		C15F50F0185F8ACC002C218E /* InfoPlist.strings */ = {
			isa = PBXVariantGroup;
			children = (
				C15F50F1185F8ACC002C218E /* en */,
			);
			name = InfoPlist.strings;
			sourceTree = "<group>";
		};
		C15F50F9185F8ACC002C218E /* Main.storyboard */ = {
			isa = PBXVariantGroup;
			children = (
				C15F50FA185F8ACC002C218E /* Base */,
			);
			name = Main.storyboard;
			sourceTree = "<group>";
		};
		C15F5114185F8ACC002C218E /* InfoPlist.strings */ = {
			isa = PBXVariantGroup;
			children = (
				C15F5115185F8ACC002C218E /* en */,
			);
			name = InfoPlist.strings;
			sourceTree = "<group>";
		};
/* End PBXVariantGroup section */

/* Begin XCBuildConfiguration section */
		C15F5119185F8ACC002C218E /* Debug */ = {
			isa = XCBuildConfiguration;
			buildSettings = {
				ALWAYS_SEARCH_USER_PATHS = NO;
				ARCHS = "$(ARCHS_STANDARD_INCLUDING_64_BIT)";
				CLANG_CXX_LANGUAGE_STANDARD = "gnu++0x";
				CLANG_CXX_LIBRARY = "libc++";
				CLANG_ENABLE_MODULES = YES;
				CLANG_ENABLE_OBJC_ARC = YES;
				CLANG_WARN_BOOL_CONVERSION = YES;
				CLANG_WARN_CONSTANT_CONVERSION = YES;
				CLANG_WARN_DIRECT_OBJC_ISA_USAGE = YES_ERROR;
				CLANG_WARN_EMPTY_BODY = YES;
				CLANG_WARN_ENUM_CONVERSION = YES;
				CLANG_WARN_INT_CONVERSION = YES;
				CLANG_WARN_OBJC_ROOT_CLASS = YES_ERROR;
				CLANG_WARN__DUPLICATE_METHOD_MATCH = YES;
				"CODE_SIGN_IDENTITY[sdk=iphoneos*]" = "iPhone Developer";
				COPY_PHASE_STRIP = NO;
				GCC_C_LANGUAGE_STANDARD = gnu99;
				GCC_DYNAMIC_NO_PIC = NO;
				GCC_OPTIMIZATION_LEVEL = 0;
				GCC_PREPROCESSOR_DEFINITIONS = (
					"DEBUG=1",
					"$(inherited)",
				);
				GCC_SYMBOLS_PRIVATE_EXTERN = NO;
				GCC_WARN_64_TO_32_BIT_CONVERSION = YES;
				GCC_WARN_ABOUT_RETURN_TYPE = YES_ERROR;
				GCC_WARN_UNDECLARED_SELECTOR = YES;
				GCC_WARN_UNINITIALIZED_AUTOS = YES;
				GCC_WARN_UNUSED_FUNCTION = YES;
				GCC_WARN_UNUSED_VARIABLE = YES;
				IPHONEOS_DEPLOYMENT_TARGET = 7.0;
				ONLY_ACTIVE_ARCH = YES;
				SDKROOT = iphoneos;
				TARGETED_DEVICE_FAMILY = 2;
			};
			name = Debug;
		};
		C15F511A185F8ACC002C218E /* Release */ = {
			isa = XCBuildConfiguration;
			buildSettings = {
				ALWAYS_SEARCH_USER_PATHS = NO;
				ARCHS = "$(ARCHS_STANDARD_INCLUDING_64_BIT)";
				CLANG_CXX_LANGUAGE_STANDARD = "gnu++0x";
				CLANG_CXX_LIBRARY = "libc++";
				CLANG_ENABLE_MODULES = YES;
				CLANG_ENABLE_OBJC_ARC = YES;
				CLANG_WARN_BOOL_CONVERSION = YES;
				CLANG_WARN_CONSTANT_CONVERSION = YES;
				CLANG_WARN_DIRECT_OBJC_ISA_USAGE = YES_ERROR;
				CLANG_WARN_EMPTY_BODY = YES;
				CLANG_WARN_ENUM_CONVERSION = YES;
				CLANG_WARN_INT_CONVERSION = YES;
				CLANG_WARN_OBJC_ROOT_CLASS = YES_ERROR;
				CLANG_WARN__DUPLICATE_METHOD_MATCH = YES;
				"CODE_SIGN_IDENTITY[sdk=iphoneos*]" = "iPhone Developer";
				COPY_PHASE_STRIP = YES;
				ENABLE_NS_ASSERTIONS = NO;
				GCC_C_LANGUAGE_STANDARD = gnu99;
				GCC_WARN_64_TO_32_BIT_CONVERSION = YES;
				GCC_WARN_ABOUT_RETURN_TYPE = YES_ERROR;
				GCC_WARN_UNDECLARED_SELECTOR = YES;
				GCC_WARN_UNINITIALIZED_AUTOS = YES;
				GCC_WARN_UNUSED_FUNCTION = YES;
				GCC_WARN_UNUSED_VARIABLE = YES;
				IPHONEOS_DEPLOYMENT_TARGET = 7.0;
				SDKROOT = iphoneos;
				TARGETED_DEVICE_FAMILY = 2;
				VALIDATE_PRODUCT = YES;
			};
			name = Release;
		};
		C15F511C185F8ACC002C218E /* Debug */ = {
			isa = XCBuildConfiguration;
			buildSettings = {
				ASSETCATALOG_COMPILER_APPICON_NAME = AppIcon;
				ASSETCATALOG_COMPILER_LAUNCHIMAGE_NAME = LaunchImage;
				GCC_PRECOMPILE_PREFIX_HEADER = YES;
				GCC_PREFIX_HEADER = "Pinball Game/Pinball Game-Prefix.pch";
				INFOPLIST_FILE = "Pinball Game/Pinball Game-Info.plist";
				PRODUCT_NAME = "$(TARGET_NAME)";
				SPRITEKIT_TEXTURE_ATLAS_OUTPUT = YES;
				WRAPPER_EXTENSION = app;
			};
			name = Debug;
		};
		C15F511D185F8ACC002C218E /* Release */ = {
			isa = XCBuildConfiguration;
			buildSettings = {
				ASSETCATALOG_COMPILER_APPICON_NAME = AppIcon;
				ASSETCATALOG_COMPILER_LAUNCHIMAGE_NAME = LaunchImage;
				GCC_PRECOMPILE_PREFIX_HEADER = YES;
				GCC_PREFIX_HEADER = "Pinball Game/Pinball Game-Prefix.pch";
				INFOPLIST_FILE = "Pinball Game/Pinball Game-Info.plist";
				PRODUCT_NAME = "$(TARGET_NAME)";
				SPRITEKIT_TEXTURE_ATLAS_OUTPUT = YES;
				WRAPPER_EXTENSION = app;
			};
			name = Release;
		};
		C15F511F185F8ACC002C218E /* Debug */ = {
			isa = XCBuildConfiguration;
			buildSettings = {
				ARCHS = "$(ARCHS_STANDARD_INCLUDING_64_BIT)";
				BUNDLE_LOADER = "$(BUILT_PRODUCTS_DIR)/Pinball Game.app/Pinball Game";
				FRAMEWORK_SEARCH_PATHS = (
					"$(SDKROOT)/Developer/Library/Frameworks",
					"$(inherited)",
					"$(DEVELOPER_FRAMEWORKS_DIR)",
				);
				GCC_PRECOMPILE_PREFIX_HEADER = YES;
				GCC_PREFIX_HEADER = "Pinball Game/Pinball Game-Prefix.pch";
				GCC_PREPROCESSOR_DEFINITIONS = (
					"DEBUG=1",
					"$(inherited)",
				);
				INFOPLIST_FILE = "Pinball GameTests/Pinball GameTests-Info.plist";
				PRODUCT_NAME = "$(TARGET_NAME)";
				TEST_HOST = "$(BUNDLE_LOADER)";
				WRAPPER_EXTENSION = xctest;
			};
			name = Debug;
		};
		C15F5120185F8ACC002C218E /* Release */ = {
			isa = XCBuildConfiguration;
			buildSettings = {
				ARCHS = "$(ARCHS_STANDARD_INCLUDING_64_BIT)";
				BUNDLE_LOADER = "$(BUILT_PRODUCTS_DIR)/Pinball Game.app/Pinball Game";
				FRAMEWORK_SEARCH_PATHS = (
					"$(SDKROOT)/Developer/Library/Frameworks",
					"$(inherited)",
					"$(DEVELOPER_FRAMEWORKS_DIR)",
				);
				GCC_PRECOMPILE_PREFIX_HEADER = YES;
				GCC_PREFIX_HEADER = "Pinball Game/Pinball Game-Prefix.pch";
				INFOPLIST_FILE = "Pinball GameTests/Pinball GameTests-Info.plist";
				PRODUCT_NAME = "$(TARGET_NAME)";
				TEST_HOST = "$(BUNDLE_LOADER)";
				WRAPPER_EXTENSION = xctest;
			};
			name = Release;
		};
/* End XCBuildConfiguration section */

/* Begin XCConfigurationList section */
		C15F50DD185F8ACC002C218E /* Build configuration list for PBXProject "Pinball Game" */ = {
			isa = XCConfigurationList;
			buildConfigurations = (
				C15F5119185F8ACC002C218E /* Debug */,
				C15F511A185F8ACC002C218E /* Release */,
			);
			defaultConfigurationIsVisible = 0;
			defaultConfigurationName = Release;
		};
		C15F511B185F8ACC002C218E /* Build configuration list for PBXNativeTarget "Pinball Game" */ = {
			isa = XCConfigurationList;
			buildConfigurations = (
				C15F511C185F8ACC002C218E /* Debug */,
				C15F511D185F8ACC002C218E /* Release */,
			);
			defaultConfigurationIsVisible = 0;
			defaultConfigurationName = Release;
		};
		C15F511E185F8ACC002C218E /* Build configuration list for PBXNativeTarget "Pinball GameTests" */ = {
			isa = XCConfigurationList;
			buildConfigurations = (
				C15F511F185F8ACC002C218E /* Debug */,
				C15F5120185F8ACC002C218E /* Release */,
			);
			defaultConfigurationIsVisible = 0;
			defaultConfigurationName = Release;
		};
/* End XCConfigurationList section */
	};
	rootObject = C15F50DA185F8ACC002C218E /* Project object */;
}
